{
  "name": "package-manager",
  "version": "1.0.0",
  "lockfileVersion": 2,
  "requires": true,
  "packages": {
    "": {
      "name": "package-manager",
      "version": "1.0.0",
      "license": "ISC",
      "dependencies": {
        "awesome-dev-jokes": "^1.0.3"
      }
    },
    "node_modules/awesome-dev-jokes": {
      "version": "1.0.3",
      "resolved": "https://registry.npmjs.org/awesome-dev-jokes/-/awesome-dev-jokes-1.0.3.tgz",
      "integrity": "sha512-NR05SiOoLggOEaRrzQB3q27wId0nc2Z+EI8BfwnggTwKqjvX3Ww6NGhWAt2hr+rRg4xBCSzSSBYVKz5+4TO84w=="
    }
  },
  "dependencies": {
    "awesome-dev-jokes": {
      "version": "1.0.3",
      "resolved": "https://registry.npmjs.org/awesome-dev-jokes/-/awesome-dev-jokes-1.0.3.tgz",
      "integrity": "sha512-NR05SiOoLggOEaRrzQB3q27wId0nc2Z+EI8BfwnggTwKqjvX3Ww6NGhWAt2hr+rRg4xBCSzSSBYVKz5+4TO84w=="
    }
  }
}
